
Microsoft Visual Studio Solution File, Format Version 12.00
# Visual Studio Version 16
VisualStudioVersion = 16.0.31729.503
MinimumVisualStudioVersion = 10.0.40219.1
Project("{FAE04EC0-301F-11D3-BF4B-00C04F79EFBC}") = "WebSalesMVC", "WebSalesMVC\WebSalesMVC.csproj", "{9218A671-F4AF-4480-907F-25F2D49FA625}"
EndProject
Global
	GlobalSection(SolutionConfigurationPlatforms) = preSolution
		Debug|Any CPU = Debug|Any CPU
		Release|Any CPU = Release|Any CPU
	EndGlobalSection
	GlobalSection(ProjectConfigurationPlatforms) = postSolution
		{9218A671-F4AF-4480-907F-25F2D49FA625}.Debug|Any CPU.ActiveCfg = Debug|Any CPU
		{9218A671-F4AF-4480-907F-25F2D49FA625}.Debug|Any CPU.Build.0 = Debug|Any CPU
		{9218A671-F4AF-4480-907F-25F2D49FA625}.Release|Any CPU.ActiveCfg = Release|Any CPU
		{9218A671-F4AF-4480-907F-25F2D49FA625}.Release|Any CPU.Build.0 = Release|Any CPU
	EndGlobalSection
	GlobalSection(SolutionProperties) = preSolution
		HideSolutionNode = FALSE
	EndGlobalSection
	GlobalSection(ExtensibilityGlobals) = postSolution
		SolutionGuid = {1CF91CCE-7AEB-4EB9-946E-D7388CCAFE46}
	EndGlobalSection
EndGlobal
